
Microsoft Visual Studio Solution File, Format Version 12.00
# Visual Studio 15
VisualStudioVersion = 15.0.28307.421
MinimumVisualStudioVersion = 10.0.40219.1
Project("{8BC9CEB8-8B4A-11D0-8D11-00A0C91BC942}") = "Classes", "Classes\Classes.vcxproj", "{E5D7063E-D717-4370-B38B-B43940A2BA90}"
EndProject
Global
	GlobalSection(SolutionConfigurationPlatforms) = preSolution
		Debug|x64 = Debug|x64
		Debug|x86 = Debug|x86
		Release|x64 = Release|x64
		Release|x86 = Release|x86
	EndGlobalSection
	GlobalSection(ProjectConfigurationPlatforms) = postSolution
		{E5D7063E-D717-4370-B38B-B43940A2BA90}.Debug|x64.ActiveCfg = Debug|x64
		{E5D7063E-D717-4370-B38B-B43940A2BA90}.Debug|x64.Build.0 = Debug|x64
		{E5D7063E-D717-4370-B38B-B43940A2BA90}.Debug|x86.ActiveCfg = Debug|Win32
		{E5D7063E-D717-4370-B38B-B43940A2BA90}.Debug|x86.Build.0 = Debug|Win32
		{E5D7063E-D717-4370-B38B-B43940A2BA90}.Release|x64.ActiveCfg = Release|x64
		{E5D7063E-D717-4370-B38B-B43940A2BA90}.Release|x64.Build.0 = Release|x64
		{E5D7063E-D717-4370-B38B-B43940A2BA90}.Release|x86.ActiveCfg = Release|Win32
		{E5D7063E-D717-4370-B38B-B43940A2BA90}.Release|x86.Build.0 = Release|Win32
	EndGlobalSection
	GlobalSection(SolutionProperties) = preSolution
		HideSolutionNode = FALSE
	EndGlobalSection
	GlobalSection(ExtensibilityGlobals) = postSolution
		SolutionGuid = {A3E7C3F9-FE6D-4CB0-BC62-563FC206E65E}
	EndGlobalSection
EndGlobal
