
Microsoft Visual Studio Solution File, Format Version 12.00
# Visual Studio 15
VisualStudioVersion = 15.0.28307.421
MinimumVisualStudioVersion = 10.0.40219.1
Project("{8BC9CEB8-8B4A-11D0-8D11-00A0C91BC942}") = "Sorting_Algorithms", "Sorting_Algorithms\Sorting_Algorithms.vcxproj", "{66CC5AA9-AB5F-45F2-A4A0-3F24A35BA4FF}"
EndProject
Global
	GlobalSection(SolutionConfigurationPlatforms) = preSolution
		Debug|x64 = Debug|x64
		Debug|x86 = Debug|x86
		Release|x64 = Release|x64
		Release|x86 = Release|x86
	EndGlobalSection
	GlobalSection(ProjectConfigurationPlatforms) = postSolution
		{66CC5AA9-AB5F-45F2-A4A0-3F24A35BA4FF}.Debug|x64.ActiveCfg = Debug|x64
		{66CC5AA9-AB5F-45F2-A4A0-3F24A35BA4FF}.Debug|x64.Build.0 = Debug|x64
		{66CC5AA9-AB5F-45F2-A4A0-3F24A35BA4FF}.Debug|x86.ActiveCfg = Debug|Win32
		{66CC5AA9-AB5F-45F2-A4A0-3F24A35BA4FF}.Debug|x86.Build.0 = Debug|Win32
		{66CC5AA9-AB5F-45F2-A4A0-3F24A35BA4FF}.Release|x64.ActiveCfg = Release|x64
		{66CC5AA9-AB5F-45F2-A4A0-3F24A35BA4FF}.Release|x64.Build.0 = Release|x64
		{66CC5AA9-AB5F-45F2-A4A0-3F24A35BA4FF}.Release|x86.ActiveCfg = Release|Win32
		{66CC5AA9-AB5F-45F2-A4A0-3F24A35BA4FF}.Release|x86.Build.0 = Release|Win32
	EndGlobalSection
	GlobalSection(SolutionProperties) = preSolution
		HideSolutionNode = FALSE
	EndGlobalSection
	GlobalSection(ExtensibilityGlobals) = postSolution
		SolutionGuid = {97155DD2-A47F-405A-81E0-7B540F3E4FCB}
	EndGlobalSection
EndGlobal
