
Microsoft Visual Studio Solution File, Format Version 12.00
# Visual Studio 15
VisualStudioVersion = 15.0.28307.421
MinimumVisualStudioVersion = 10.0.40219.1
Project("{8BC9CEB8-8B4A-11D0-8D11-00A0C91BC942}") = "Project1", "Project1\Project1.vcxproj", "{DDE4374C-50C9-4A94-84D2-00B1978CF347}"
EndProject
Global
	GlobalSection(SolutionConfigurationPlatforms) = preSolution
		Debug|x64 = Debug|x64
		Debug|x86 = Debug|x86
		Release|x64 = Release|x64
		Release|x86 = Release|x86
	EndGlobalSection
	GlobalSection(ProjectConfigurationPlatforms) = postSolution
		{DDE4374C-50C9-4A94-84D2-00B1978CF347}.Debug|x64.ActiveCfg = Debug|x64
		{DDE4374C-50C9-4A94-84D2-00B1978CF347}.Debug|x64.Build.0 = Debug|x64
		{DDE4374C-50C9-4A94-84D2-00B1978CF347}.Debug|x86.ActiveCfg = Debug|Win32
		{DDE4374C-50C9-4A94-84D2-00B1978CF347}.Debug|x86.Build.0 = Debug|Win32
		{DDE4374C-50C9-4A94-84D2-00B1978CF347}.Release|x64.ActiveCfg = Release|x64
		{DDE4374C-50C9-4A94-84D2-00B1978CF347}.Release|x64.Build.0 = Release|x64
		{DDE4374C-50C9-4A94-84D2-00B1978CF347}.Release|x86.ActiveCfg = Release|Win32
		{DDE4374C-50C9-4A94-84D2-00B1978CF347}.Release|x86.Build.0 = Release|Win32
	EndGlobalSection
	GlobalSection(SolutionProperties) = preSolution
		HideSolutionNode = FALSE
	EndGlobalSection
	GlobalSection(ExtensibilityGlobals) = postSolution
		SolutionGuid = {1AE6DD87-2CA2-4083-BD36-851C1D15FE41}
	EndGlobalSection
EndGlobal
