
Microsoft Visual Studio Solution File, Format Version 12.00
# Visual Studio 15
VisualStudioVersion = 15.0.28307.421
MinimumVisualStudioVersion = 10.0.40219.1
Project("{8BC9CEB8-8B4A-11D0-8D11-00A0C91BC942}") = "Sequential_Data_Structures", "Sequential_Data_Structures\Sequential_Data_Structures.vcxproj", "{236F3D06-45A6-486E-8220-4117D092535F}"
EndProject
Global
	GlobalSection(SolutionConfigurationPlatforms) = preSolution
		Debug|x64 = Debug|x64
		Debug|x86 = Debug|x86
		Release|x64 = Release|x64
		Release|x86 = Release|x86
	EndGlobalSection
	GlobalSection(ProjectConfigurationPlatforms) = postSolution
		{236F3D06-45A6-486E-8220-4117D092535F}.Debug|x64.ActiveCfg = Debug|x64
		{236F3D06-45A6-486E-8220-4117D092535F}.Debug|x64.Build.0 = Debug|x64
		{236F3D06-45A6-486E-8220-4117D092535F}.Debug|x86.ActiveCfg = Debug|Win32
		{236F3D06-45A6-486E-8220-4117D092535F}.Debug|x86.Build.0 = Debug|Win32
		{236F3D06-45A6-486E-8220-4117D092535F}.Release|x64.ActiveCfg = Release|x64
		{236F3D06-45A6-486E-8220-4117D092535F}.Release|x64.Build.0 = Release|x64
		{236F3D06-45A6-486E-8220-4117D092535F}.Release|x86.ActiveCfg = Release|Win32
		{236F3D06-45A6-486E-8220-4117D092535F}.Release|x86.Build.0 = Release|Win32
	EndGlobalSection
	GlobalSection(SolutionProperties) = preSolution
		HideSolutionNode = FALSE
	EndGlobalSection
	GlobalSection(ExtensibilityGlobals) = postSolution
		SolutionGuid = {20B01F64-936B-4CA2-96F7-F0B383A519C2}
	EndGlobalSection
EndGlobal
